
Microsoft Visual Studio Solution File, Format Version 12.00
# Visual Studio Version 17
VisualStudioVersion = 17.4.33205.214
MinimumVisualStudioVersion = 10.0.40219.1
Project("{FAE04EC0-301F-11D3-BF4B-00C04F79EFBC}") = "ControleEstoque", "ControleEstoque\ControleEstoque.csproj", "{3B013D6D-DBFE-468A-AA68-0657ECA3E617}"
EndProject
Global
	GlobalSection(SolutionConfigurationPlatforms) = preSolution
		Debug|Any CPU = Debug|Any CPU
		Release|Any CPU = Release|Any CPU
	EndGlobalSection
	GlobalSection(ProjectConfigurationPlatforms) = postSolution
		{3B013D6D-DBFE-468A-AA68-0657ECA3E617}.Debug|Any CPU.ActiveCfg = Debug|Any CPU
		{3B013D6D-DBFE-468A-AA68-0657ECA3E617}.Debug|Any CPU.Build.0 = Debug|Any CPU
		{3B013D6D-DBFE-468A-AA68-0657ECA3E617}.Release|Any CPU.ActiveCfg = Release|Any CPU
		{3B013D6D-DBFE-468A-AA68-0657ECA3E617}.Release|Any CPU.Build.0 = Release|Any CPU
	EndGlobalSection
	GlobalSection(SolutionProperties) = preSolution
		HideSolutionNode = FALSE
	EndGlobalSection
	GlobalSection(ExtensibilityGlobals) = postSolution
		SolutionGuid = {A1AB8011-DDF4-4122-9A78-164D25C932D1}
	EndGlobalSection
EndGlobal
